
Microsoft Visual Studio Solution File, Format Version 12.00
# Visual Studio Version 16
VisualStudioVersion = 16.0.31515.178
MinimumVisualStudioVersion = 10.0.40219.1
Project("{FAE04EC0-301F-11D3-BF4B-00C04F79EFBC}") = "PatikaDevCsharp101", "PatikaDevCsharp101\PatikaDevCsharp101.csproj", "{ED48CD6E-B4A0-4C7B-8636-90C8EF1EDCFB}"
EndProject
Project("{9A19103F-16F7-4668-BE54-9A1E7A4F7556}") = "Loop", "Loop\Loop.csproj", "{6CB1DAE4-253B-4E3E-B986-660A648B2CF3}"
EndProject
Project("{9A19103F-16F7-4668-BE54-9A1E7A4F7556}") = "Operatorler", "Operatorler\Operatorler.csproj", "{6121ADDF-5573-49F8-B166-57A6C6D1C1AA}"
EndProject
Project("{9A19103F-16F7-4668-BE54-9A1E7A4F7556}") = "TipDonusumleri", "TipDonusumleri\TipDonusumleri.csproj", "{8D5C9808-DD71-4E92-8862-092632865DD3}"
EndProject
Project("{9A19103F-16F7-4668-BE54-9A1E7A4F7556}") = "KararYapıları", "KararYapıları\KararYapıları.csproj", "{7BFB174F-F338-46B0-B13A-DF5D9E147086}"
EndProject
Project("{9A19103F-16F7-4668-BE54-9A1E7A4F7556}") = "Arrays", "Arrays\Arrays.csproj", "{C411B82F-412D-4A63-9DFF-9BD7FBB2CCE8}"
EndProject
Project("{9A19103F-16F7-4668-BE54-9A1E7A4F7556}") = "Metot", "Metot\Metot.csproj", "{5FC624B7-0849-4B9E-879A-92FDB507E2C9}"
EndProject
Project("{9A19103F-16F7-4668-BE54-9A1E7A4F7556}") = "Odev1", "Odev1\Odev1.csproj", "{79551321-7572-4017-9EEF-FC5404C1884F}"
EndProject
Project("{FAE04EC0-301F-11D3-BF4B-00C04F79EFBC}") = "HazirMetotlar", "HazirMetotlar\HazirMetotlar.csproj", "{A4AE5C34-3D6F-4622-9FF4-86ED421A01F8}"
EndProject
Project("{FAE04EC0-301F-11D3-BF4B-00C04F79EFBC}") = "Generic", "Generic\Generic.csproj", "{F623B187-9B1F-4C73-8D05-D4721E544956}"
EndProject
Project("{FAE04EC0-301F-11D3-BF4B-00C04F79EFBC}") = "arrayList", "ArrayList\arrayList.csproj", "{731DECEA-3B05-4E29-B517-3210C460067E}"
EndProject
Project("{FAE04EC0-301F-11D3-BF4B-00C04F79EFBC}") = "dictionary", "Dictionary\dictionary.csproj", "{0F0B9300-F8EE-4B37-B489-78FE599A2249}"
EndProject
Project("{FAE04EC0-301F-11D3-BF4B-00C04F79EFBC}") = "HataYonetimi", "HataYonetimi\HataYonetimi.csproj", "{3555ACA1-5454-4DEA-BC75-CC9631AB85C9}"
EndProject
Project("{2150E333-8FDC-42A3-9474-1A3956D46DE8}") = "Odev2", "Odev2", "{A4FEF993-EC67-4A2E-90BE-73BE60C26B04}"
EndProject
Project("{FAE04EC0-301F-11D3-BF4B-00C04F79EFBC}") = "Koleksiyonlar-Soru-1", "Koleksiyonlar-Soru-1\Koleksiyonlar-Soru-1.csproj", "{D133E649-B910-4D11-93DB-105E1B3CA321}"
EndProject
Project("{FAE04EC0-301F-11D3-BF4B-00C04F79EFBC}") = "Koleksiyonlar-Soru-2", "Koleksiyonlar-Soru-2\Koleksiyonlar-Soru-2.csproj", "{4AC7E8F1-658B-4B04-AB09-0A684CD30812}"
EndProject
Project("{FAE04EC0-301F-11D3-BF4B-00C04F79EFBC}") = "Koleksiyonlar_Soru_3", "Koleksiyonlar_Soru_3\Koleksiyonlar_Soru_3.csproj", "{CBC629A7-BFC3-4571-8DB3-540C9CCFE124}"
EndProject
Project("{FAE04EC0-301F-11D3-BF4B-00C04F79EFBC}") = "SınıfKavramı", "SınıfKavramı\SınıfKavramı.csproj", "{D8D1954F-4C3B-40EC-8ED7-3AAC30F385FF}"
EndProject
Project("{FAE04EC0-301F-11D3-BF4B-00C04F79EFBC}") = "EncapsulationKavramı", "EncapsulationKavramı\EncapsulationKavramı.csproj", "{92E8BC73-F8F4-4FB9-B174-840979AA5EE5}"
EndProject
Project("{FAE04EC0-301F-11D3-BF4B-00C04F79EFBC}") = "staticSiniflar", "staticSiniflar\staticSiniflar.csproj", "{D6152E5B-62E6-4AB4-A2A1-667EDCA5D7DB}"
EndProject
Project("{FAE04EC0-301F-11D3-BF4B-00C04F79EFBC}") = "Struct(Yapı)", "Struct(Yapı)\Struct(Yapı).csproj", "{D98C7B0D-ACA5-40D4-947B-85E0209A47CD}"
EndProject
Project("{FAE04EC0-301F-11D3-BF4B-00C04F79EFBC}") = "Enum", "Enum\Enum.csproj", "{CF596CB1-F8AC-4744-B7C1-5C99CFA3473F}"
EndProject
Project("{FAE04EC0-301F-11D3-BF4B-00C04F79EFBC}") = "inheritance", "inheritance\inheritance.csproj", "{20B38D08-AE5A-4473-A606-2D9D3539F620}"
EndProject
Project("{FAE04EC0-301F-11D3-BF4B-00C04F79EFBC}") = "Polymorphism(Çok Biçimcilik)", "Polymorphism(Çok Biçimcilik)\Polymorphism(Çok Biçimcilik).csproj", "{E22D912C-B8F4-4953-9C08-509AC9D7A593}"
EndProject
Project("{FAE04EC0-301F-11D3-BF4B-00C04F79EFBC}") = "Interface(Arayüzler)", "Interface(Arayüzler)\Interface(Arayüzler).csproj", "{47884C96-75BD-4281-A7AA-39084ACE99F9}"
EndProject
Global
	GlobalSection(SolutionConfigurationPlatforms) = preSolution
		Debug|Any CPU = Debug|Any CPU
		Release|Any CPU = Release|Any CPU
	EndGlobalSection
	GlobalSection(ProjectConfigurationPlatforms) = postSolution
		{ED48CD6E-B4A0-4C7B-8636-90C8EF1EDCFB}.Debug|Any CPU.ActiveCfg = Debug|Any CPU
		{ED48CD6E-B4A0-4C7B-8636-90C8EF1EDCFB}.Debug|Any CPU.Build.0 = Debug|Any CPU
		{ED48CD6E-B4A0-4C7B-8636-90C8EF1EDCFB}.Release|Any CPU.ActiveCfg = Release|Any CPU
		{ED48CD6E-B4A0-4C7B-8636-90C8EF1EDCFB}.Release|Any CPU.Build.0 = Release|Any CPU
		{6CB1DAE4-253B-4E3E-B986-660A648B2CF3}.Debug|Any CPU.ActiveCfg = Debug|Any CPU
		{6CB1DAE4-253B-4E3E-B986-660A648B2CF3}.Debug|Any CPU.Build.0 = Debug|Any CPU
		{6CB1DAE4-253B-4E3E-B986-660A648B2CF3}.Release|Any CPU.ActiveCfg = Release|Any CPU
		{6CB1DAE4-253B-4E3E-B986-660A648B2CF3}.Release|Any CPU.Build.0 = Release|Any CPU
		{6121ADDF-5573-49F8-B166-57A6C6D1C1AA}.Debug|Any CPU.ActiveCfg = Debug|Any CPU
		{6121ADDF-5573-49F8-B166-57A6C6D1C1AA}.Debug|Any CPU.Build.0 = Debug|Any CPU
		{6121ADDF-5573-49F8-B166-57A6C6D1C1AA}.Release|Any CPU.ActiveCfg = Release|Any CPU
		{6121ADDF-5573-49F8-B166-57A6C6D1C1AA}.Release|Any CPU.Build.0 = Release|Any CPU
		{8D5C9808-DD71-4E92-8862-092632865DD3}.Debug|Any CPU.ActiveCfg = Debug|Any CPU
		{8D5C9808-DD71-4E92-8862-092632865DD3}.Debug|Any CPU.Build.0 = Debug|Any CPU
		{8D5C9808-DD71-4E92-8862-092632865DD3}.Release|Any CPU.ActiveCfg = Release|Any CPU
		{8D5C9808-DD71-4E92-8862-092632865DD3}.Release|Any CPU.Build.0 = Release|Any CPU
		{7BFB174F-F338-46B0-B13A-DF5D9E147086}.Debug|Any CPU.ActiveCfg = Debug|Any CPU
		{7BFB174F-F338-46B0-B13A-DF5D9E147086}.Debug|Any CPU.Build.0 = Debug|Any CPU
		{7BFB174F-F338-46B0-B13A-DF5D9E147086}.Release|Any CPU.ActiveCfg = Release|Any CPU
		{7BFB174F-F338-46B0-B13A-DF5D9E147086}.Release|Any CPU.Build.0 = Release|Any CPU
		{C411B82F-412D-4A63-9DFF-9BD7FBB2CCE8}.Debug|Any CPU.ActiveCfg = Debug|Any CPU
		{C411B82F-412D-4A63-9DFF-9BD7FBB2CCE8}.Debug|Any CPU.Build.0 = Debug|Any CPU
		{C411B82F-412D-4A63-9DFF-9BD7FBB2CCE8}.Release|Any CPU.ActiveCfg = Release|Any CPU
		{C411B82F-412D-4A63-9DFF-9BD7FBB2CCE8}.Release|Any CPU.Build.0 = Release|Any CPU
		{5FC624B7-0849-4B9E-879A-92FDB507E2C9}.Debug|Any CPU.ActiveCfg = Debug|Any CPU
		{5FC624B7-0849-4B9E-879A-92FDB507E2C9}.Debug|Any CPU.Build.0 = Debug|Any CPU
		{5FC624B7-0849-4B9E-879A-92FDB507E2C9}.Release|Any CPU.ActiveCfg = Release|Any CPU
		{5FC624B7-0849-4B9E-879A-92FDB507E2C9}.Release|Any CPU.Build.0 = Release|Any CPU
		{79551321-7572-4017-9EEF-FC5404C1884F}.Debug|Any CPU.ActiveCfg = Debug|Any CPU
		{79551321-7572-4017-9EEF-FC5404C1884F}.Debug|Any CPU.Build.0 = Debug|Any CPU
		{79551321-7572-4017-9EEF-FC5404C1884F}.Release|Any CPU.ActiveCfg = Release|Any CPU
		{79551321-7572-4017-9EEF-FC5404C1884F}.Release|Any CPU.Build.0 = Release|Any CPU
		{A4AE5C34-3D6F-4622-9FF4-86ED421A01F8}.Debug|Any CPU.ActiveCfg = Debug|Any CPU
		{A4AE5C34-3D6F-4622-9FF4-86ED421A01F8}.Debug|Any CPU.Build.0 = Debug|Any CPU
		{A4AE5C34-3D6F-4622-9FF4-86ED421A01F8}.Release|Any CPU.ActiveCfg = Release|Any CPU
		{A4AE5C34-3D6F-4622-9FF4-86ED421A01F8}.Release|Any CPU.Build.0 = Release|Any CPU
		{F623B187-9B1F-4C73-8D05-D4721E544956}.Debug|Any CPU.ActiveCfg = Debug|Any CPU
		{F623B187-9B1F-4C73-8D05-D4721E544956}.Debug|Any CPU.Build.0 = Debug|Any CPU
		{F623B187-9B1F-4C73-8D05-D4721E544956}.Release|Any CPU.ActiveCfg = Release|Any CPU
		{F623B187-9B1F-4C73-8D05-D4721E544956}.Release|Any CPU.Build.0 = Release|Any CPU
		{731DECEA-3B05-4E29-B517-3210C460067E}.Debug|Any CPU.ActiveCfg = Debug|Any CPU
		{731DECEA-3B05-4E29-B517-3210C460067E}.Debug|Any CPU.Build.0 = Debug|Any CPU
		{731DECEA-3B05-4E29-B517-3210C460067E}.Release|Any CPU.ActiveCfg = Release|Any CPU
		{731DECEA-3B05-4E29-B517-3210C460067E}.Release|Any CPU.Build.0 = Release|Any CPU
		{0F0B9300-F8EE-4B37-B489-78FE599A2249}.Debug|Any CPU.ActiveCfg = Debug|Any CPU
		{0F0B9300-F8EE-4B37-B489-78FE599A2249}.Debug|Any CPU.Build.0 = Debug|Any CPU
		{0F0B9300-F8EE-4B37-B489-78FE599A2249}.Release|Any CPU.ActiveCfg = Release|Any CPU
		{0F0B9300-F8EE-4B37-B489-78FE599A2249}.Release|Any CPU.Build.0 = Release|Any CPU
		{3555ACA1-5454-4DEA-BC75-CC9631AB85C9}.Debug|Any CPU.ActiveCfg = Debug|Any CPU
		{3555ACA1-5454-4DEA-BC75-CC9631AB85C9}.Debug|Any CPU.Build.0 = Debug|Any CPU
		{3555ACA1-5454-4DEA-BC75-CC9631AB85C9}.Release|Any CPU.ActiveCfg = Release|Any CPU
		{3555ACA1-5454-4DEA-BC75-CC9631AB85C9}.Release|Any CPU.Build.0 = Release|Any CPU
		{D133E649-B910-4D11-93DB-105E1B3CA321}.Debug|Any CPU.ActiveCfg = Debug|Any CPU
		{D133E649-B910-4D11-93DB-105E1B3CA321}.Debug|Any CPU.Build.0 = Debug|Any CPU
		{D133E649-B910-4D11-93DB-105E1B3CA321}.Release|Any CPU.ActiveCfg = Release|Any CPU
		{D133E649-B910-4D11-93DB-105E1B3CA321}.Release|Any CPU.Build.0 = Release|Any CPU
		{4AC7E8F1-658B-4B04-AB09-0A684CD30812}.Debug|Any CPU.ActiveCfg = Debug|Any CPU
		{4AC7E8F1-658B-4B04-AB09-0A684CD30812}.Debug|Any CPU.Build.0 = Debug|Any CPU
		{4AC7E8F1-658B-4B04-AB09-0A684CD30812}.Release|Any CPU.ActiveCfg = Release|Any CPU
		{4AC7E8F1-658B-4B04-AB09-0A684CD30812}.Release|Any CPU.Build.0 = Release|Any CPU
		{CBC629A7-BFC3-4571-8DB3-540C9CCFE124}.Debug|Any CPU.ActiveCfg = Debug|Any CPU
		{CBC629A7-BFC3-4571-8DB3-540C9CCFE124}.Debug|Any CPU.Build.0 = Debug|Any CPU
		{CBC629A7-BFC3-4571-8DB3-540C9CCFE124}.Release|Any CPU.ActiveCfg = Release|Any CPU
		{CBC629A7-BFC3-4571-8DB3-540C9CCFE124}.Release|Any CPU.Build.0 = Release|Any CPU
		{D8D1954F-4C3B-40EC-8ED7-3AAC30F385FF}.Debug|Any CPU.ActiveCfg = Debug|Any CPU
		{D8D1954F-4C3B-40EC-8ED7-3AAC30F385FF}.Debug|Any CPU.Build.0 = Debug|Any CPU
		{D8D1954F-4C3B-40EC-8ED7-3AAC30F385FF}.Release|Any CPU.ActiveCfg = Release|Any CPU
		{D8D1954F-4C3B-40EC-8ED7-3AAC30F385FF}.Release|Any CPU.Build.0 = Release|Any CPU
		{92E8BC73-F8F4-4FB9-B174-840979AA5EE5}.Debug|Any CPU.ActiveCfg = Debug|Any CPU
		{92E8BC73-F8F4-4FB9-B174-840979AA5EE5}.Debug|Any CPU.Build.0 = Debug|Any CPU
		{92E8BC73-F8F4-4FB9-B174-840979AA5EE5}.Release|Any CPU.ActiveCfg = Release|Any CPU
		{92E8BC73-F8F4-4FB9-B174-840979AA5EE5}.Release|Any CPU.Build.0 = Release|Any CPU
		{D6152E5B-62E6-4AB4-A2A1-667EDCA5D7DB}.Debug|Any CPU.ActiveCfg = Debug|Any CPU
		{D6152E5B-62E6-4AB4-A2A1-667EDCA5D7DB}.Debug|Any CPU.Build.0 = Debug|Any CPU
		{D6152E5B-62E6-4AB4-A2A1-667EDCA5D7DB}.Release|Any CPU.ActiveCfg = Release|Any CPU
		{D6152E5B-62E6-4AB4-A2A1-667EDCA5D7DB}.Release|Any CPU.Build.0 = Release|Any CPU
		{D98C7B0D-ACA5-40D4-947B-85E0209A47CD}.Debug|Any CPU.ActiveCfg = Debug|Any CPU
		{D98C7B0D-ACA5-40D4-947B-85E0209A47CD}.Debug|Any CPU.Build.0 = Debug|Any CPU
		{D98C7B0D-ACA5-40D4-947B-85E0209A47CD}.Release|Any CPU.ActiveCfg = Release|Any CPU
		{D98C7B0D-ACA5-40D4-947B-85E0209A47CD}.Release|Any CPU.Build.0 = Release|Any CPU
		{CF596CB1-F8AC-4744-B7C1-5C99CFA3473F}.Debug|Any CPU.ActiveCfg = Debug|Any CPU
		{CF596CB1-F8AC-4744-B7C1-5C99CFA3473F}.Debug|Any CPU.Build.0 = Debug|Any CPU
		{CF596CB1-F8AC-4744-B7C1-5C99CFA3473F}.Release|Any CPU.ActiveCfg = Release|Any CPU
		{CF596CB1-F8AC-4744-B7C1-5C99CFA3473F}.Release|Any CPU.Build.0 = Release|Any CPU
		{20B38D08-AE5A-4473-A606-2D9D3539F620}.Debug|Any CPU.ActiveCfg = Debug|Any CPU
		{20B38D08-AE5A-4473-A606-2D9D3539F620}.Debug|Any CPU.Build.0 = Debug|Any CPU
		{20B38D08-AE5A-4473-A606-2D9D3539F620}.Release|Any CPU.ActiveCfg = Release|Any CPU
		{20B38D08-AE5A-4473-A606-2D9D3539F620}.Release|Any CPU.Build.0 = Release|Any CPU
		{E22D912C-B8F4-4953-9C08-509AC9D7A593}.Debug|Any CPU.ActiveCfg = Debug|Any CPU
		{E22D912C-B8F4-4953-9C08-509AC9D7A593}.Debug|Any CPU.Build.0 = Debug|Any CPU
		{E22D912C-B8F4-4953-9C08-509AC9D7A593}.Release|Any CPU.ActiveCfg = Release|Any CPU
		{E22D912C-B8F4-4953-9C08-509AC9D7A593}.Release|Any CPU.Build.0 = Release|Any CPU
		{47884C96-75BD-4281-A7AA-39084ACE99F9}.Debug|Any CPU.ActiveCfg = Debug|Any CPU
		{47884C96-75BD-4281-A7AA-39084ACE99F9}.Debug|Any CPU.Build.0 = Debug|Any CPU
		{47884C96-75BD-4281-A7AA-39084ACE99F9}.Release|Any CPU.ActiveCfg = Release|Any CPU
		{47884C96-75BD-4281-A7AA-39084ACE99F9}.Release|Any CPU.Build.0 = Release|Any CPU
	EndGlobalSection
	GlobalSection(SolutionProperties) = preSolution
		HideSolutionNode = FALSE
	EndGlobalSection
	GlobalSection(NestedProjects) = preSolution
		{D133E649-B910-4D11-93DB-105E1B3CA321} = {A4FEF993-EC67-4A2E-90BE-73BE60C26B04}
		{4AC7E8F1-658B-4B04-AB09-0A684CD30812} = {A4FEF993-EC67-4A2E-90BE-73BE60C26B04}
		{CBC629A7-BFC3-4571-8DB3-540C9CCFE124} = {A4FEF993-EC67-4A2E-90BE-73BE60C26B04}
	EndGlobalSection
	GlobalSection(ExtensibilityGlobals) = postSolution
		SolutionGuid = {EF9D85BA-6B31-4F78-8067-BD744483A489}
	EndGlobalSection
EndGlobal
